
Microsoft Visual Studio Solution File, Format Version 12.00
# Visual Studio Version 17
VisualStudioVersion = 17.2.32317.152
MinimumVisualStudioVersion = 10.0.40219.1
Project("{FAE04EC0-301F-11D3-BF4B-00C04F79EFBC}") = "TinyMceToolbarIssue", "TinyMceToolbarIssue\TinyMceToolbarIssue.csproj", "{5C45EA0B-47E8-4F63-A360-292700171806}"
EndProject
Global
	GlobalSection(SolutionConfigurationPlatforms) = preSolution
		Debug|Any CPU = Debug|Any CPU
		Release|Any CPU = Release|Any CPU
	EndGlobalSection
	GlobalSection(ProjectConfigurationPlatforms) = postSolution
		{5C45EA0B-47E8-4F63-A360-292700171806}.Debug|Any CPU.ActiveCfg = Debug|Any CPU
		{5C45EA0B-47E8-4F63-A360-292700171806}.Debug|Any CPU.Build.0 = Debug|Any CPU
		{5C45EA0B-47E8-4F63-A360-292700171806}.Release|Any CPU.ActiveCfg = Release|Any CPU
		{5C45EA0B-47E8-4F63-A360-292700171806}.Release|Any CPU.Build.0 = Release|Any CPU
	EndGlobalSection
	GlobalSection(SolutionProperties) = preSolution
		HideSolutionNode = FALSE
	EndGlobalSection
	GlobalSection(ExtensibilityGlobals) = postSolution
		SolutionGuid = {8041A20D-34F3-423C-9E3B-5C7B8C066213}
	EndGlobalSection
EndGlobal
